{
  "requires": true,
  "lockfileVersion": 1,
  "dependencies": {
    "gitbook-plugin-expand-active-chapter": {
      "version": "1.0.0",
      "resolved": "https://registry.npmjs.org/gitbook-plugin-expand-active-chapter/-/gitbook-plugin-expand-active-chapter-1.0.0.tgz",
      "integrity": "sha512-Cb/miTV7CA4c8qLgC4EscTGqXxV5SArGY5vpLw0WG43A6OyXTctUu/WE+bxOYsANpwKUeJdS27f7uFy4HFwQOA=="
    }
  }
}
